// !$*UTF8*$!
{
	archiveVersion = 1;
	classes = {
	};
	objectVersion = 48;
	objects = {

/* Begin PBXBuildFile section */
		AD0D915C1F35ED2B0065966A /* NSLayoutConstraint+Extensions.swift in Sources */ = {isa = PBXBuildFile; fileRef = AD0D915B1F35ED2B0065966A /* NSLayoutConstraint+Extensions.swift */; };
		AD0D915E1F35F0E50065966A /* HistoryViewController+Extensions.swift in Sources */ = {isa = PBXBuildFile; fileRef = AD0D915D1F35F0E50065966A /* HistoryViewController+Extensions.swift */; };
		AD0D91601F35F6BF0065966A /* String+Extensions.swift in Sources */ = {isa = PBXBuildFile; fileRef = AD0D915F1F35F6BF0065966A /* String+Extensions.swift */; };
		AD0D91621F35F9550065966A /* Constants.swift in Sources */ = {isa = PBXBuildFile; fileRef = AD0D91611F35F9550065966A /* Constants.swift */; };
		ADDC42F81F35DD2A008DABD7 /* AppDelegate.swift in Sources */ = {isa = PBXBuildFile; fileRef = ADDC42F71F35DD2A008DABD7 /* AppDelegate.swift */; };
		ADDC42FF1F35DD2A008DABD7 /* Assets.xcassets in Resources */ = {isa = PBXBuildFile; fileRef = ADDC42FE1F35DD2A008DABD7 /* Assets.xcassets */; };
		ADDC43021F35DD2A008DABD7 /* LaunchScreen.storyboard in Resources */ = {isa = PBXBuildFile; fileRef = ADDC43001F35DD2A008DABD7 /* LaunchScreen.storyboard */; };
		ADDC430D1F35DD2A008DABD7 /* FREETELTests.swift in Sources */ = {isa = PBXBuildFile; fileRef = ADDC430C1F35DD2A008DABD7 /* FREETELTests.swift */; };
		ADDC43181F35DD2A008DABD7 /* FREETELUITests.swift in Sources */ = {isa = PBXBuildFile; fileRef = ADDC43171F35DD2A008DABD7 /* FREETELUITests.swift */; };
		ADDC43281F35DDA3008DABD7 /* ContactsUI.framework in Frameworks */ = {isa = PBXBuildFile; fileRef = ADDC43261F35DDA3008DABD7 /* ContactsUI.framework */; };
		ADDC43291F35DDA3008DABD7 /* Contacts.framework in Frameworks */ = {isa = PBXBuildFile; fileRef = ADDC43271F35DDA3008DABD7 /* Contacts.framework */; };
		ADDC432D1F35E1F8008DABD7 /* HistoryViewController.swift in Sources */ = {isa = PBXBuildFile; fileRef = ADDC432C1F35E1F8008DABD7 /* HistoryViewController.swift */; };
		ADDC43341F35E85C008DABD7 /* Realm.framework in Frameworks */ = {isa = PBXBuildFile; fileRef = ADDC43321F35E85B008DABD7 /* Realm.framework */; };
		ADDC43351F35E85C008DABD7 /* RealmSwift.framework in Frameworks */ = {isa = PBXBuildFile; fileRef = ADDC43331F35E85B008DABD7 /* RealmSwift.framework */; };
		ADDC43381F35E874008DABD7 /* History.swift in Sources */ = {isa = PBXBuildFile; fileRef = ADDC43371F35E874008DABD7 /* History.swift */; };
/* End PBXBuildFile section */

/* Begin PBXContainerItemProxy section */
		ADDC43091F35DD2A008DABD7 /* PBXContainerItemProxy */ = {
			isa = PBXContainerItemProxy;
			containerPortal = ADDC42EC1F35DD2A008DABD7 /* Project object */;
			proxyType = 1;
			remoteGlobalIDString = ADDC42F31F35DD2A008DABD7;
			remoteInfo = FREETEL;
		};
		ADDC43141F35DD2A008DABD7 /* PBXContainerItemProxy */ = {
			isa = PBXContainerItemProxy;
			containerPortal = ADDC42EC1F35DD2A008DABD7 /* Project object */;
			proxyType = 1;
			remoteGlobalIDString = ADDC42F31F35DD2A008DABD7;
			remoteInfo = FREETEL;
		};
/* End PBXContainerItemProxy section */

/* Begin PBXFileReference section */
		AD0D915B1F35ED2B0065966A /* NSLayoutConstraint+Extensions.swift */ = {isa = PBXFileReference; lastKnownFileType = sourcecode.swift; path = "NSLayoutConstraint+Extensions.swift"; sourceTree = "<group>"; };
		AD0D915D1F35F0E50065966A /* HistoryViewController+Extensions.swift */ = {isa = PBXFileReference; lastKnownFileType = sourcecode.swift; path = "HistoryViewController+Extensions.swift"; sourceTree = "<group>"; };
		AD0D915F1F35F6BF0065966A /* String+Extensions.swift */ = {isa = PBXFileReference; lastKnownFileType = sourcecode.swift; path = "String+Extensions.swift"; sourceTree = "<group>"; };
		AD0D91611F35F9550065966A /* Constants.swift */ = {isa = PBXFileReference; lastKnownFileType = sourcecode.swift; path = Constants.swift; sourceTree = "<group>"; };
		ADDC42F41F35DD2A008DABD7 /* FREETEL.app */ = {isa = PBXFileReference; explicitFileType = wrapper.application; includeInIndex = 0; path = FREETEL.app; sourceTree = BUILT_PRODUCTS_DIR; };
		ADDC42F71F35DD2A008DABD7 /* AppDelegate.swift */ = {isa = PBXFileReference; lastKnownFileType = sourcecode.swift; path = AppDelegate.swift; sourceTree = "<group>"; };
		ADDC42FE1F35DD2A008DABD7 /* Assets.xcassets */ = {isa = PBXFileReference; lastKnownFileType = folder.assetcatalog; path = Assets.xcassets; sourceTree = "<group>"; };
		ADDC43011F35DD2A008DABD7 /* Base */ = {isa = PBXFileReference; lastKnownFileType = file.storyboard; name = Base; path = Base.lproj/LaunchScreen.storyboard; sourceTree = "<group>"; };
		ADDC43031F35DD2A008DABD7 /* Info.plist */ = {isa = PBXFileReference; lastKnownFileType = text.plist.xml; path = Info.plist; sourceTree = "<group>"; };
		ADDC43081F35DD2A008DABD7 /* FREETELTests.xctest */ = {isa = PBXFileReference; explicitFileType = wrapper.cfbundle; includeInIndex = 0; path = FREETELTests.xctest; sourceTree = BUILT_PRODUCTS_DIR; };
		ADDC430C1F35DD2A008DABD7 /* FREETELTests.swift */ = {isa = PBXFileReference; lastKnownFileType = sourcecode.swift; path = FREETELTests.swift; sourceTree = "<group>"; };
		ADDC430E1F35DD2A008DABD7 /* Info.plist */ = {isa = PBXFileReference; lastKnownFileType = text.plist.xml; path = Info.plist; sourceTree = "<group>"; };
		ADDC43131F35DD2A008DABD7 /* FREETELUITests.xctest */ = {isa = PBXFileReference; explicitFileType = wrapper.cfbundle; includeInIndex = 0; path = FREETELUITests.xctest; sourceTree = BUILT_PRODUCTS_DIR; };
		ADDC43171F35DD2A008DABD7 /* FREETELUITests.swift */ = {isa = PBXFileReference; lastKnownFileType = sourcecode.swift; path = FREETELUITests.swift; sourceTree = "<group>"; };
		ADDC43191F35DD2A008DABD7 /* Info.plist */ = {isa = PBXFileReference; lastKnownFileType = text.plist.xml; path = Info.plist; sourceTree = "<group>"; };
		ADDC43261F35DDA3008DABD7 /* ContactsUI.framework */ = {isa = PBXFileReference; lastKnownFileType = wrapper.framework; name = ContactsUI.framework; path = System/Library/Frameworks/ContactsUI.framework; sourceTree = SDKROOT; };
		ADDC43271F35DDA3008DABD7 /* Contacts.framework */ = {isa = PBXFileReference; lastKnownFileType = wrapper.framework; name = Contacts.framework; path = System/Library/Frameworks/Contacts.framework; sourceTree = SDKROOT; };
		ADDC432C1F35E1F8008DABD7 /* HistoryViewController.swift */ = {isa = PBXFileReference; lastKnownFileType = sourcecode.swift; path = HistoryViewController.swift; sourceTree = "<group>"; };
		ADDC43321F35E85B008DABD7 /* Realm.framework */ = {isa = PBXFileReference; lastKnownFileType = wrapper.framework; name = Realm.framework; path = Carthage/Build/iOS/Realm.framework; sourceTree = "<group>"; };
		ADDC43331F35E85B008DABD7 /* RealmSwift.framework */ = {isa = PBXFileReference; lastKnownFileType = wrapper.framework; name = RealmSwift.framework; path = Carthage/Build/iOS/RealmSwift.framework; sourceTree = "<group>"; };
		ADDC43371F35E874008DABD7 /* History.swift */ = {isa = PBXFileReference; lastKnownFileType = sourcecode.swift; path = History.swift; sourceTree = "<group>"; };
/* End PBXFileReference section */

/* Begin PBXFrameworksBuildPhase section */
		ADDC42F11F35DD2A008DABD7 /* Frameworks */ = {
			isa = PBXFrameworksBuildPhase;
			buildActionMask = 2147483647;
			files = (
				ADDC43341F35E85C008DABD7 /* Realm.framework in Frameworks */,
				ADDC43351F35E85C008DABD7 /* RealmSwift.framework in Frameworks */,
				ADDC43281F35DDA3008DABD7 /* ContactsUI.framework in Frameworks */,
				ADDC43291F35DDA3008DABD7 /* Contacts.framework in Frameworks */,
			);
			runOnlyForDeploymentPostprocessing = 0;
		};
		ADDC43051F35DD2A008DABD7 /* Frameworks */ = {
			isa = PBXFrameworksBuildPhase;
			buildActionMask = 2147483647;
			files = (
			);
			runOnlyForDeploymentPostprocessing = 0;
		};
		ADDC43101F35DD2A008DABD7 /* Frameworks */ = {
			isa = PBXFrameworksBuildPhase;
			buildActionMask = 2147483647;
			files = (
			);
			runOnlyForDeploymentPostprocessing = 0;
		};
/* End PBXFrameworksBuildPhase section */

/* Begin PBXGroup section */
		ADDC42EB1F35DD2A008DABD7 = {
			isa = PBXGroup;
			children = (
				ADDC42F61F35DD2A008DABD7 /* FREETEL */,
				ADDC430B1F35DD2A008DABD7 /* FREETELTests */,
				ADDC43161F35DD2A008DABD7 /* FREETELUITests */,
				ADDC42F51F35DD2A008DABD7 /* Products */,
				ADDC43251F35DDA3008DABD7 /* Frameworks */,
			);
			sourceTree = "<group>";
		};
		ADDC42F51F35DD2A008DABD7 /* Products */ = {
			isa = PBXGroup;
			children = (
				ADDC42F41F35DD2A008DABD7 /* FREETEL.app */,
				ADDC43081F35DD2A008DABD7 /* FREETELTests.xctest */,
				ADDC43131F35DD2A008DABD7 /* FREETELUITests.xctest */,
			);
			name = Products;
			sourceTree = "<group>";
		};
		ADDC42F61F35DD2A008DABD7 /* FREETEL */ = {
			isa = PBXGroup;
			children = (
				ADDC43361F35E869008DABD7 /* Models */,
				ADDC432E1F35E242008DABD7 /* Extensions */,
				ADDC432B1F35E1E8008DABD7 /* Contacts */,
				ADDC432A1F35E198008DABD7 /* Supports */,
				ADDC42F71F35DD2A008DABD7 /* AppDelegate.swift */,
				ADDC42FE1F35DD2A008DABD7 /* Assets.xcassets */,
				ADDC43001F35DD2A008DABD7 /* LaunchScreen.storyboard */,
				ADDC43031F35DD2A008DABD7 /* Info.plist */,
			);
			path = FREETEL;
			sourceTree = "<group>";
		};
		ADDC430B1F35DD2A008DABD7 /* FREETELTests */ = {
			isa = PBXGroup;
			children = (
				ADDC430C1F35DD2A008DABD7 /* FREETELTests.swift */,
				ADDC430E1F35DD2A008DABD7 /* Info.plist */,
			);
			path = FREETELTests;
			sourceTree = "<group>";
		};
		ADDC43161F35DD2A008DABD7 /* FREETELUITests */ = {
			isa = PBXGroup;
			children = (
				ADDC43171F35DD2A008DABD7 /* FREETELUITests.swift */,
				ADDC43191F35DD2A008DABD7 /* Info.plist */,
			);
			path = FREETELUITests;
			sourceTree = "<group>";
		};
		ADDC43251F35DDA3008DABD7 /* Frameworks */ = {
			isa = PBXGroup;
			children = (
				ADDC43321F35E85B008DABD7 /* Realm.framework */,
				ADDC43331F35E85B008DABD7 /* RealmSwift.framework */,
				ADDC43271F35DDA3008DABD7 /* Contacts.framework */,
				ADDC43261F35DDA3008DABD7 /* ContactsUI.framework */,
			);
			name = Frameworks;
			sourceTree = "<group>";
		};
		ADDC432A1F35E198008DABD7 /* Supports */ = {
			isa = PBXGroup;
			children = (
				AD0D91611F35F9550065966A /* Constants.swift */,
			);
			path = Supports;
			sourceTree = "<group>";
		};
		ADDC432B1F35E1E8008DABD7 /* Contacts */ = {
			isa = PBXGroup;
			children = (
				ADDC432C1F35E1F8008DABD7 /* HistoryViewController.swift */,
				AD0D915D1F35F0E50065966A /* HistoryViewController+Extensions.swift */,
			);
			path = Contacts;
			sourceTree = "<group>";
		};
		ADDC432E1F35E242008DABD7 /* Extensions */ = {
			isa = PBXGroup;
			children = (
				AD0D915B1F35ED2B0065966A /* NSLayoutConstraint+Extensions.swift */,
				AD0D915F1F35F6BF0065966A /* String+Extensions.swift */,
			);
			path = Extensions;
			sourceTree = "<group>";
		};
		ADDC43361F35E869008DABD7 /* Models */ = {
			isa = PBXGroup;
			children = (
				ADDC43371F35E874008DABD7 /* History.swift */,
			);
			path = Models;
			sourceTree = "<group>";
		};
/* End PBXGroup section */

/* Begin PBXNativeTarget section */
		ADDC42F31F35DD2A008DABD7 /* FREETEL */ = {
			isa = PBXNativeTarget;
			buildConfigurationList = ADDC431C1F35DD2A008DABD7 /* Build configuration list for PBXNativeTarget "FREETEL" */;
			buildPhases = (
				ADDC42F01F35DD2A008DABD7 /* Sources */,
				ADDC42F11F35DD2A008DABD7 /* Frameworks */,
				ADDC42F21F35DD2A008DABD7 /* Resources */,
				ADDC43311F35E810008DABD7 /* Carthage */,
			);
			buildRules = (
			);
			dependencies = (
			);
			name = FREETEL;
			productName = FREETEL;
			productReference = ADDC42F41F35DD2A008DABD7 /* FREETEL.app */;
			productType = "com.apple.product-type.application";
		};
		ADDC43071F35DD2A008DABD7 /* FREETELTests */ = {
			isa = PBXNativeTarget;
			buildConfigurationList = ADDC431F1F35DD2A008DABD7 /* Build configuration list for PBXNativeTarget "FREETELTests" */;
			buildPhases = (
				ADDC43041F35DD2A008DABD7 /* Sources */,
				ADDC43051F35DD2A008DABD7 /* Frameworks */,
				ADDC43061F35DD2A008DABD7 /* Resources */,
			);
			buildRules = (
			);
			dependencies = (
				ADDC430A1F35DD2A008DABD7 /* PBXTargetDependency */,
			);
			name = FREETELTests;
			productName = FREETELTests;
			productReference = ADDC43081F35DD2A008DABD7 /* FREETELTests.xctest */;
			productType = "com.apple.product-type.bundle.unit-test";
		};
		ADDC43121F35DD2A008DABD7 /* FREETELUITests */ = {
			isa = PBXNativeTarget;
			buildConfigurationList = ADDC43221F35DD2A008DABD7 /* Build configuration list for PBXNativeTarget "FREETELUITests" */;
			buildPhases = (
				ADDC430F1F35DD2A008DABD7 /* Sources */,
				ADDC43101F35DD2A008DABD7 /* Frameworks */,
				ADDC43111F35DD2A008DABD7 /* Resources */,
			);
			buildRules = (
			);
			dependencies = (
				ADDC43151F35DD2A008DABD7 /* PBXTargetDependency */,
			);
			name = FREETELUITests;
			productName = FREETELUITests;
			productReference = ADDC43131F35DD2A008DABD7 /* FREETELUITests.xctest */;
			productType = "com.apple.product-type.bundle.ui-testing";
		};
/* End PBXNativeTarget section */

/* Begin PBXProject section */
		ADDC42EC1F35DD2A008DABD7 /* Project object */ = {
			isa = PBXProject;
			attributes = {
				LastSwiftUpdateCheck = 0900;
				LastUpgradeCheck = 0900;
				ORGANIZATIONNAME = fromKK;
				TargetAttributes = {
					ADDC42F31F35DD2A008DABD7 = {
						CreatedOnToolsVersion = 9.0;
					};
					ADDC43071F35DD2A008DABD7 = {
						CreatedOnToolsVersion = 9.0;
						TestTargetID = ADDC42F31F35DD2A008DABD7;
					};
					ADDC43121F35DD2A008DABD7 = {
						CreatedOnToolsVersion = 9.0;
						TestTargetID = ADDC42F31F35DD2A008DABD7;
					};
				};
			};
			buildConfigurationList = ADDC42EF1F35DD2A008DABD7 /* Build configuration list for PBXProject "FREETEL" */;
			compatibilityVersion = "Xcode 8.0";
			developmentRegion = en;
			hasScannedForEncodings = 0;
			knownRegions = (
				en,
				Base,
			);
			mainGroup = ADDC42EB1F35DD2A008DABD7;
			productRefGroup = ADDC42F51F35DD2A008DABD7 /* Products */;
			projectDirPath = "";
			projectRoot = "";
			targets = (
				ADDC42F31F35DD2A008DABD7 /* FREETEL */,
				ADDC43071F35DD2A008DABD7 /* FREETELTests */,
				ADDC43121F35DD2A008DABD7 /* FREETELUITests */,
			);
		};
/* End PBXProject section */

/* Begin PBXResourcesBuildPhase section */
		ADDC42F21F35DD2A008DABD7 /* Resources */ = {
			isa = PBXResourcesBuildPhase;
			buildActionMask = 2147483647;
			files = (
				ADDC43021F35DD2A008DABD7 /* LaunchScreen.storyboard in Resources */,
				ADDC42FF1F35DD2A008DABD7 /* Assets.xcassets in Resources */,
			);
			runOnlyForDeploymentPostprocessing = 0;
		};
		ADDC43061F35DD2A008DABD7 /* Resources */ = {
			isa = PBXResourcesBuildPhase;
			buildActionMask = 2147483647;
			files = (
			);
			runOnlyForDeploymentPostprocessing = 0;
		};
		ADDC43111F35DD2A008DABD7 /* Resources */ = {
			isa = PBXResourcesBuildPhase;
			buildActionMask = 2147483647;
			files = (
			);
			runOnlyForDeploymentPostprocessing = 0;
		};
/* End PBXResourcesBuildPhase section */

/* Begin PBXShellScriptBuildPhase section */
		ADDC43311F35E810008DABD7 /* Carthage */ = {
			isa = PBXShellScriptBuildPhase;
			buildActionMask = 2147483647;
			files = (
			);
			inputPaths = (
				"$(SRCROOT)/Carthage/Build/iOS/Realm.framework",
				"$(SRCROOT)/Carthage/Build/iOS/RealmSwift.framework",
			);
			name = Carthage;
			outputPaths = (
			);
			runOnlyForDeploymentPostprocessing = 0;
			shellPath = /bin/sh;
			shellScript = "/usr/local/bin/carthage copy-frameworks";
		};
/* End PBXShellScriptBuildPhase section */

/* Begin PBXSourcesBuildPhase section */
		ADDC42F01F35DD2A008DABD7 /* Sources */ = {
			isa = PBXSourcesBuildPhase;
			buildActionMask = 2147483647;
			files = (
				ADDC42F81F35DD2A008DABD7 /* AppDelegate.swift in Sources */,
				AD0D915C1F35ED2B0065966A /* NSLayoutConstraint+Extensions.swift in Sources */,
				AD0D915E1F35F0E50065966A /* HistoryViewController+Extensions.swift in Sources */,
				ADDC432D1F35E1F8008DABD7 /* HistoryViewController.swift in Sources */,
				AD0D91621F35F9550065966A /* Constants.swift in Sources */,
				AD0D91601F35F6BF0065966A /* String+Extensions.swift in Sources */,
				ADDC43381F35E874008DABD7 /* History.swift in Sources */,
			);
			runOnlyForDeploymentPostprocessing = 0;
		};
		ADDC43041F35DD2A008DABD7 /* Sources */ = {
			isa = PBXSourcesBuildPhase;
			buildActionMask = 2147483647;
			files = (
				ADDC430D1F35DD2A008DABD7 /* FREETELTests.swift in Sources */,
			);
			runOnlyForDeploymentPostprocessing = 0;
		};
		ADDC430F1F35DD2A008DABD7 /* Sources */ = {
			isa = PBXSourcesBuildPhase;
			buildActionMask = 2147483647;
			files = (
				ADDC43181F35DD2A008DABD7 /* FREETELUITests.swift in Sources */,
			);
			runOnlyForDeploymentPostprocessing = 0;
		};
/* End PBXSourcesBuildPhase section */

/* Begin PBXTargetDependency section */
		ADDC430A1F35DD2A008DABD7 /* PBXTargetDependency */ = {
			isa = PBXTargetDependency;
			target = ADDC42F31F35DD2A008DABD7 /* FREETEL */;
			targetProxy = ADDC43091F35DD2A008DABD7 /* PBXContainerItemProxy */;
		};
		ADDC43151F35DD2A008DABD7 /* PBXTargetDependency */ = {
			isa = PBXTargetDependency;
			target = ADDC42F31F35DD2A008DABD7 /* FREETEL */;
			targetProxy = ADDC43141F35DD2A008DABD7 /* PBXContainerItemProxy */;
		};
/* End PBXTargetDependency section */

/* Begin PBXVariantGroup section */
		ADDC43001F35DD2A008DABD7 /* LaunchScreen.storyboard */ = {
			isa = PBXVariantGroup;
			children = (
				ADDC43011F35DD2A008DABD7 /* Base */,
			);
			name = LaunchScreen.storyboard;
			sourceTree = "<group>";
		};
/* End PBXVariantGroup section */

/* Begin XCBuildConfiguration section */
		ADDC431A1F35DD2A008DABD7 /* Debug */ = {
			isa = XCBuildConfiguration;
			buildSettings = {
				ALWAYS_SEARCH_USER_PATHS = NO;
				CLANG_ANALYZER_NONNULL = YES;
				CLANG_ANALYZER_NUMBER_OBJECT_CONVERSION = YES_AGGRESSIVE;
				CLANG_CXX_LANGUAGE_STANDARD = "gnu++14";
				CLANG_CXX_LIBRARY = "libc++";
				CLANG_ENABLE_MODULES = YES;
				CLANG_ENABLE_OBJC_ARC = YES;
				CLANG_WARN_BLOCK_CAPTURE_AUTORELEASING = YES;
				CLANG_WARN_BOOL_CONVERSION = YES;
				CLANG_WARN_COMMA = YES;
				CLANG_WARN_CONSTANT_CONVERSION = YES;
				CLANG_WARN_DIRECT_OBJC_ISA_USAGE = YES_ERROR;
				CLANG_WARN_DOCUMENTATION_COMMENTS = YES;
				CLANG_WARN_EMPTY_BODY = YES;
				CLANG_WARN_ENUM_CONVERSION = YES;
				CLANG_WARN_INFINITE_RECURSION = YES;
				CLANG_WARN_INT_CONVERSION = YES;
				CLANG_WARN_NON_LITERAL_NULL_CONVERSION = YES;
				CLANG_WARN_OBJC_LITERAL_CONVERSION = YES;
				CLANG_WARN_OBJC_ROOT_CLASS = YES_ERROR;
				CLANG_WARN_RANGE_LOOP_ANALYSIS = YES;
				CLANG_WARN_STRICT_PROTOTYPES = YES;
				CLANG_WARN_SUSPICIOUS_MOVE = YES;
				CLANG_WARN_UNGUARDED_AVAILABILITY = YES_AGGRESSIVE;
				CLANG_WARN_UNREACHABLE_CODE = YES;
				CLANG_WARN__DUPLICATE_METHOD_MATCH = YES;
				CODE_SIGN_IDENTITY = "iPhone Developer";
				COPY_PHASE_STRIP = NO;
				DEBUG_INFORMATION_FORMAT = dwarf;
				ENABLE_STRICT_OBJC_MSGSEND = YES;
				ENABLE_TESTABILITY = YES;
				GCC_C_LANGUAGE_STANDARD = gnu11;
				GCC_DYNAMIC_NO_PIC = NO;
				GCC_NO_COMMON_BLOCKS = YES;
				GCC_OPTIMIZATION_LEVEL = 0;
				GCC_PREPROCESSOR_DEFINITIONS = (
					"DEBUG=1",
					"$(inherited)",
				);
				GCC_WARN_64_TO_32_BIT_CONVERSION = YES;
				GCC_WARN_ABOUT_RETURN_TYPE = YES_ERROR;
				GCC_WARN_UNDECLARED_SELECTOR = YES;
				GCC_WARN_UNINITIALIZED_AUTOS = YES_AGGRESSIVE;
				GCC_WARN_UNUSED_FUNCTION = YES;
				GCC_WARN_UNUSED_VARIABLE = YES;
				IPHONEOS_DEPLOYMENT_TARGET = 11.0;
				MTL_ENABLE_DEBUG_INFO = YES;
				ONLY_ACTIVE_ARCH = YES;
				SDKROOT = iphoneos;
				SWIFT_ACTIVE_COMPILATION_CONDITIONS = DEBUG;
				SWIFT_OPTIMIZATION_LEVEL = "-Onone";
			};
			name = Debug;
		};
		ADDC431B1F35DD2A008DABD7 /* Release */ = {
			isa = XCBuildConfiguration;
			buildSettings = {
				ALWAYS_SEARCH_USER_PATHS = NO;
				CLANG_ANALYZER_NONNULL = YES;
				CLANG_ANALYZER_NUMBER_OBJECT_CONVERSION = YES_AGGRESSIVE;
				CLANG_CXX_LANGUAGE_STANDARD = "gnu++14";
				CLANG_CXX_LIBRARY = "libc++";
				CLANG_ENABLE_MODULES = YES;
				CLANG_ENABLE_OBJC_ARC = YES;
				CLANG_WARN_BLOCK_CAPTURE_AUTORELEASING = YES;
				CLANG_WARN_BOOL_CONVERSION = YES;
				CLANG_WARN_COMMA = YES;
				CLANG_WARN_CONSTANT_CONVERSION = YES;
				CLANG_WARN_DIRECT_OBJC_ISA_USAGE = YES_ERROR;
				CLANG_WARN_DOCUMENTATION_COMMENTS = YES;
				CLANG_WARN_EMPTY_BODY = YES;
				CLANG_WARN_ENUM_CONVERSION = YES;
				CLANG_WARN_INFINITE_RECURSION = YES;
				CLANG_WARN_INT_CONVERSION = YES;
				CLANG_WARN_NON_LITERAL_NULL_CONVERSION = YES;
				CLANG_WARN_OBJC_LITERAL_CONVERSION = YES;
				CLANG_WARN_OBJC_ROOT_CLASS = YES_ERROR;
				CLANG_WARN_RANGE_LOOP_ANALYSIS = YES;
				CLANG_WARN_STRICT_PROTOTYPES = YES;
				CLANG_WARN_SUSPICIOUS_MOVE = YES;
				CLANG_WARN_UNGUARDED_AVAILABILITY = YES_AGGRESSIVE;
				CLANG_WARN_UNREACHABLE_CODE = YES;
				CLANG_WARN__DUPLICATE_METHOD_MATCH = YES;
				CODE_SIGN_IDENTITY = "iPhone Developer";
				COPY_PHASE_STRIP = NO;
				DEBUG_INFORMATION_FORMAT = "dwarf-with-dsym";
				ENABLE_NS_ASSERTIONS = NO;
				ENABLE_STRICT_OBJC_MSGSEND = YES;
				GCC_C_LANGUAGE_STANDARD = gnu11;
				GCC_NO_COMMON_BLOCKS = YES;
				GCC_WARN_64_TO_32_BIT_CONVERSION = YES;
				GCC_WARN_ABOUT_RETURN_TYPE = YES_ERROR;
				GCC_WARN_UNDECLARED_SELECTOR = YES;
				GCC_WARN_UNINITIALIZED_AUTOS = YES_AGGRESSIVE;
				GCC_WARN_UNUSED_FUNCTION = YES;
				GCC_WARN_UNUSED_VARIABLE = YES;
				IPHONEOS_DEPLOYMENT_TARGET = 11.0;
				MTL_ENABLE_DEBUG_INFO = NO;
				SDKROOT = iphoneos;
				SWIFT_OPTIMIZATION_LEVEL = "-Owholemodule";
				VALIDATE_PRODUCT = YES;
			};
			name = Release;
		};
		ADDC431D1F35DD2A008DABD7 /* Debug */ = {
			isa = XCBuildConfiguration;
			buildSettings = {
				ASSETCATALOG_COMPILER_APPICON_NAME = AppIcon;
				DEVELOPMENT_TEAM = K84E4S7G4C;
				FRAMEWORK_SEARCH_PATHS = (
					"$(inherited)",
					"$(PROJECT_DIR)/Carthage/Build/iOS",
				);
				INFOPLIST_FILE = FREETEL/Info.plist;
				LD_RUNPATH_SEARCH_PATHS = "$(inherited) @executable_path/Frameworks";
				PRODUCT_BUNDLE_IDENTIFIER = me.fromkk.FREETEL;
				PRODUCT_NAME = "$(TARGET_NAME)";
				SWIFT_VERSION = 4.0;
				TARGETED_DEVICE_FAMILY = "1,2";
			};
			name = Debug;
		};
		ADDC431E1F35DD2A008DABD7 /* Release */ = {
			isa = XCBuildConfiguration;
			buildSettings = {
				ASSETCATALOG_COMPILER_APPICON_NAME = AppIcon;
				DEVELOPMENT_TEAM = K84E4S7G4C;
				FRAMEWORK_SEARCH_PATHS = (
					"$(inherited)",
					"$(PROJECT_DIR)/Carthage/Build/iOS",
				);
				INFOPLIST_FILE = FREETEL/Info.plist;
				LD_RUNPATH_SEARCH_PATHS = "$(inherited) @executable_path/Frameworks";
				PRODUCT_BUNDLE_IDENTIFIER = me.fromkk.FREETEL;
				PRODUCT_NAME = "$(TARGET_NAME)";
				SWIFT_VERSION = 4.0;
				TARGETED_DEVICE_FAMILY = "1,2";
			};
			name = Release;
		};
		ADDC43201F35DD2A008DABD7 /* Debug */ = {
			isa = XCBuildConfiguration;
			buildSettings = {
				ALWAYS_EMBED_SWIFT_STANDARD_LIBRARIES = YES;
				BUNDLE_LOADER = "$(TEST_HOST)";
				DEVELOPMENT_TEAM = K84E4S7G4C;
				INFOPLIST_FILE = FREETELTests/Info.plist;
				LD_RUNPATH_SEARCH_PATHS = "$(inherited) @executable_path/Frameworks @loader_path/Frameworks";
				PRODUCT_BUNDLE_IDENTIFIER = me.fromkk.FREETELTests;
				PRODUCT_NAME = "$(TARGET_NAME)";
				SWIFT_VERSION = 4.0;
				TARGETED_DEVICE_FAMILY = "1,2";
				TEST_HOST = "$(BUILT_PRODUCTS_DIR)/FREETEL.app/FREETEL";
			};
			name = Debug;
		};
		ADDC43211F35DD2A008DABD7 /* Release */ = {
			isa = XCBuildConfiguration;
			buildSettings = {
				ALWAYS_EMBED_SWIFT_STANDARD_LIBRARIES = YES;
				BUNDLE_LOADER = "$(TEST_HOST)";
				DEVELOPMENT_TEAM = K84E4S7G4C;
				INFOPLIST_FILE = FREETELTests/Info.plist;
				LD_RUNPATH_SEARCH_PATHS = "$(inherited) @executable_path/Frameworks @loader_path/Frameworks";
				PRODUCT_BUNDLE_IDENTIFIER = me.fromkk.FREETELTests;
				PRODUCT_NAME = "$(TARGET_NAME)";
				SWIFT_VERSION = 4.0;
				TARGETED_DEVICE_FAMILY = "1,2";
				TEST_HOST = "$(BUILT_PRODUCTS_DIR)/FREETEL.app/FREETEL";
			};
			name = Release;
		};
		ADDC43231F35DD2A008DABD7 /* Debug */ = {
			isa = XCBuildConfiguration;
			buildSettings = {
				ALWAYS_EMBED_SWIFT_STANDARD_LIBRARIES = YES;
				DEVELOPMENT_TEAM = K84E4S7G4C;
				INFOPLIST_FILE = FREETELUITests/Info.plist;
				LD_RUNPATH_SEARCH_PATHS = "$(inherited) @executable_path/Frameworks @loader_path/Frameworks";
				PRODUCT_BUNDLE_IDENTIFIER = me.fromkk.FREETELUITests;
				PRODUCT_NAME = "$(TARGET_NAME)";
				SWIFT_VERSION = 4.0;
				TARGETED_DEVICE_FAMILY = "1,2";
				TEST_TARGET_NAME = FREETEL;
			};
			name = Debug;
		};
		ADDC43241F35DD2A008DABD7 /* Release */ = {
			isa = XCBuildConfiguration;
			buildSettings = {
				ALWAYS_EMBED_SWIFT_STANDARD_LIBRARIES = YES;
				DEVELOPMENT_TEAM = K84E4S7G4C;
				INFOPLIST_FILE = FREETELUITests/Info.plist;
				LD_RUNPATH_SEARCH_PATHS = "$(inherited) @executable_path/Frameworks @loader_path/Frameworks";
				PRODUCT_BUNDLE_IDENTIFIER = me.fromkk.FREETELUITests;
				PRODUCT_NAME = "$(TARGET_NAME)";
				SWIFT_VERSION = 4.0;
				TARGETED_DEVICE_FAMILY = "1,2";
				TEST_TARGET_NAME = FREETEL;
			};
			name = Release;
		};
/* End XCBuildConfiguration section */

/* Begin XCConfigurationList section */
		ADDC42EF1F35DD2A008DABD7 /* Build configuration list for PBXProject "FREETEL" */ = {
			isa = XCConfigurationList;
			buildConfigurations = (
				ADDC431A1F35DD2A008DABD7 /* Debug */,
				ADDC431B1F35DD2A008DABD7 /* Release */,
			);
			defaultConfigurationIsVisible = 0;
			defaultConfigurationName = Release;
		};
		ADDC431C1F35DD2A008DABD7 /* Build configuration list for PBXNativeTarget "FREETEL" */ = {
			isa = XCConfigurationList;
			buildConfigurations = (
				ADDC431D1F35DD2A008DABD7 /* Debug */,
				ADDC431E1F35DD2A008DABD7 /* Release */,
			);
			defaultConfigurationIsVisible = 0;
			defaultConfigurationName = Release;
		};
		ADDC431F1F35DD2A008DABD7 /* Build configuration list for PBXNativeTarget "FREETELTests" */ = {
			isa = XCConfigurationList;
			buildConfigurations = (
				ADDC43201F35DD2A008DABD7 /* Debug */,
				ADDC43211F35DD2A008DABD7 /* Release */,
			);
			defaultConfigurationIsVisible = 0;
			defaultConfigurationName = Release;
		};
		ADDC43221F35DD2A008DABD7 /* Build configuration list for PBXNativeTarget "FREETELUITests" */ = {
			isa = XCConfigurationList;
			buildConfigurations = (
				ADDC43231F35DD2A008DABD7 /* Debug */,
				ADDC43241F35DD2A008DABD7 /* Release */,
			);
			defaultConfigurationIsVisible = 0;
			defaultConfigurationName = Release;
		};
/* End XCConfigurationList section */
	};
	rootObject = ADDC42EC1F35DD2A008DABD7 /* Project object */;
}
